// !$*UTF8*$!
{
	archiveVersion = 1;
	classes = {
	};
	objectVersion = 46;
	objects = {

/* Begin PBXBuildFile section */
		C62BFE4F1D96368D004BB694 /* AppDelegate.swift in Sources */ = {isa = PBXBuildFile; fileRef = C62BFE4E1D96368D004BB694 /* AppDelegate.swift */; };
		C62BFE511D96368D004BB694 /* ViewController.swift in Sources */ = {isa = PBXBuildFile; fileRef = C62BFE501D96368D004BB694 /* ViewController.swift */; };
		C62BFE541D96368D004BB694 /* Main.storyboard in Resources */ = {isa = PBXBuildFile; fileRef = C62BFE521D96368D004BB694 /* Main.storyboard */; };
		C62BFE561D96368D004BB694 /* Assets.xcassets in Resources */ = {isa = PBXBuildFile; fileRef = C62BFE551D96368D004BB694 /* Assets.xcassets */; };
		C62BFE591D96368D004BB694 /* LaunchScreen.storyboard in Resources */ = {isa = PBXBuildFile; fileRef = C62BFE571D96368D004BB694 /* LaunchScreen.storyboard */; };
		C62BFE5E1D96368D004BB694 /* HackGT2016 WatchKit App.app in Embed Watch Content */ = {isa = PBXBuildFile; fileRef = C62BFE5D1D96368D004BB694 /* HackGT2016 WatchKit App.app */; };
		C62BFE641D96368D004BB694 /* Interface.storyboard in Resources */ = {isa = PBXBuildFile; fileRef = C62BFE621D96368D004BB694 /* Interface.storyboard */; };
		C62BFE661D96368D004BB694 /* Assets.xcassets in Resources */ = {isa = PBXBuildFile; fileRef = C62BFE651D96368D004BB694 /* Assets.xcassets */; };
		C62BFE6D1D96368D004BB694 /* HackGT2016 WatchKit Extension.appex in Embed App Extensions */ = {isa = PBXBuildFile; fileRef = C62BFE6C1D96368D004BB694 /* HackGT2016 WatchKit Extension.appex */; settings = {ATTRIBUTES = (RemoveHeadersOnCopy, ); }; };
		C62BFE721D96368D004BB694 /* InterfaceController.swift in Sources */ = {isa = PBXBuildFile; fileRef = C62BFE711D96368D004BB694 /* InterfaceController.swift */; };
		C62BFE741D96368D004BB694 /* ExtensionDelegate.swift in Sources */ = {isa = PBXBuildFile; fileRef = C62BFE731D96368D004BB694 /* ExtensionDelegate.swift */; };
		C62BFE761D96368D004BB694 /* Assets.xcassets in Resources */ = {isa = PBXBuildFile; fileRef = C62BFE751D96368D004BB694 /* Assets.xcassets */; };
/* End PBXBuildFile section */

/* Begin PBXContainerItemProxy section */
		C62BFE5F1D96368D004BB694 /* PBXContainerItemProxy */ = {
			isa = PBXContainerItemProxy;
			containerPortal = C62BFE431D96368D004BB694 /* Project object */;
			proxyType = 1;
			remoteGlobalIDString = C62BFE5C1D96368D004BB694;
			remoteInfo = "HackGT2016 WatchKit App";
		};
		C62BFE6E1D96368D004BB694 /* PBXContainerItemProxy */ = {
			isa = PBXContainerItemProxy;
			containerPortal = C62BFE431D96368D004BB694 /* Project object */;
			proxyType = 1;
			remoteGlobalIDString = C62BFE6B1D96368D004BB694;
			remoteInfo = "HackGT2016 WatchKit Extension";
		};
/* End PBXContainerItemProxy section */

/* Begin PBXCopyFilesBuildPhase section */
		C62BFE7D1D96368D004BB694 /* Embed App Extensions */ = {
			isa = PBXCopyFilesBuildPhase;
			buildActionMask = 2147483647;
			dstPath = "";
			dstSubfolderSpec = 13;
			files = (
				C62BFE6D1D96368D004BB694 /* HackGT2016 WatchKit Extension.appex in Embed App Extensions */,
			);
			name = "Embed App Extensions";
			runOnlyForDeploymentPostprocessing = 0;
		};
		C62BFE811D96368D004BB694 /* Embed Watch Content */ = {
			isa = PBXCopyFilesBuildPhase;
			buildActionMask = 2147483647;
			dstPath = "$(CONTENTS_FOLDER_PATH)/Watch";
			dstSubfolderSpec = 16;
			files = (
				C62BFE5E1D96368D004BB694 /* HackGT2016 WatchKit App.app in Embed Watch Content */,
			);
			name = "Embed Watch Content";
			runOnlyForDeploymentPostprocessing = 0;
		};
/* End PBXCopyFilesBuildPhase section */

/* Begin PBXFileReference section */
		C62BFE4B1D96368D004BB694 /* HackGT2016.app */ = {isa = PBXFileReference; explicitFileType = wrapper.application; includeInIndex = 0; path = HackGT2016.app; sourceTree = BUILT_PRODUCTS_DIR; };
		C62BFE4E1D96368D004BB694 /* AppDelegate.swift */ = {isa = PBXFileReference; lastKnownFileType = sourcecode.swift; path = AppDelegate.swift; sourceTree = "<group>"; };
		C62BFE501D96368D004BB694 /* ViewController.swift */ = {isa = PBXFileReference; lastKnownFileType = sourcecode.swift; path = ViewController.swift; sourceTree = "<group>"; };
		C62BFE531D96368D004BB694 /* Base */ = {isa = PBXFileReference; lastKnownFileType = file.storyboard; name = Base; path = Base.lproj/Main.storyboard; sourceTree = "<group>"; };
		C62BFE551D96368D004BB694 /* Assets.xcassets */ = {isa = PBXFileReference; lastKnownFileType = folder.assetcatalog; path = Assets.xcassets; sourceTree = "<group>"; };
		C62BFE581D96368D004BB694 /* Base */ = {isa = PBXFileReference; lastKnownFileType = file.storyboard; name = Base; path = Base.lproj/LaunchScreen.storyboard; sourceTree = "<group>"; };
		C62BFE5A1D96368D004BB694 /* Info.plist */ = {isa = PBXFileReference; lastKnownFileType = text.plist.xml; path = Info.plist; sourceTree = "<group>"; };
		C62BFE5D1D96368D004BB694 /* HackGT2016 WatchKit App.app */ = {isa = PBXFileReference; explicitFileType = wrapper.application; includeInIndex = 0; path = "HackGT2016 WatchKit App.app"; sourceTree = BUILT_PRODUCTS_DIR; };
		C62BFE631D96368D004BB694 /* Base */ = {isa = PBXFileReference; lastKnownFileType = file.storyboard; name = Base; path = Base.lproj/Interface.storyboard; sourceTree = "<group>"; };
		C62BFE651D96368D004BB694 /* Assets.xcassets */ = {isa = PBXFileReference; lastKnownFileType = folder.assetcatalog; path = Assets.xcassets; sourceTree = "<group>"; };
		C62BFE671D96368D004BB694 /* Info.plist */ = {isa = PBXFileReference; lastKnownFileType = text.plist.xml; path = Info.plist; sourceTree = "<group>"; };
		C62BFE6C1D96368D004BB694 /* HackGT2016 WatchKit Extension.appex */ = {isa = PBXFileReference; explicitFileType = "wrapper.app-extension"; includeInIndex = 0; path = "HackGT2016 WatchKit Extension.appex"; sourceTree = BUILT_PRODUCTS_DIR; };
		C62BFE711D96368D004BB694 /* InterfaceController.swift */ = {isa = PBXFileReference; lastKnownFileType = sourcecode.swift; path = InterfaceController.swift; sourceTree = "<group>"; };
		C62BFE731D96368D004BB694 /* ExtensionDelegate.swift */ = {isa = PBXFileReference; lastKnownFileType = sourcecode.swift; path = ExtensionDelegate.swift; sourceTree = "<group>"; };
		C62BFE751D96368D004BB694 /* Assets.xcassets */ = {isa = PBXFileReference; lastKnownFileType = folder.assetcatalog; path = Assets.xcassets; sourceTree = "<group>"; };
		C62BFE771D96368D004BB694 /* Info.plist */ = {isa = PBXFileReference; lastKnownFileType = text.plist.xml; path = Info.plist; sourceTree = "<group>"; };
/* End PBXFileReference section */

/* Begin PBXFrameworksBuildPhase section */
		C62BFE481D96368D004BB694 /* Frameworks */ = {
			isa = PBXFrameworksBuildPhase;
			buildActionMask = 2147483647;
			files = (
			);
			runOnlyForDeploymentPostprocessing = 0;
		};
		C62BFE691D96368D004BB694 /* Frameworks */ = {
			isa = PBXFrameworksBuildPhase;
			buildActionMask = 2147483647;
			files = (
			);
			runOnlyForDeploymentPostprocessing = 0;
		};
/* End PBXFrameworksBuildPhase section */

/* Begin PBXGroup section */
		C62BFE421D96368D004BB694 = {
			isa = PBXGroup;
			children = (
				C62BFE4D1D96368D004BB694 /* HackGT2016 */,
				C62BFE611D96368D004BB694 /* HackGT2016 WatchKit App */,
				C62BFE701D96368D004BB694 /* HackGT2016 WatchKit Extension */,
				C62BFE4C1D96368D004BB694 /* Products */,
			);
			sourceTree = "<group>";
		};
		C62BFE4C1D96368D004BB694 /* Products */ = {
			isa = PBXGroup;
			children = (
				C62BFE4B1D96368D004BB694 /* HackGT2016.app */,
				C62BFE5D1D96368D004BB694 /* HackGT2016 WatchKit App.app */,
				C62BFE6C1D96368D004BB694 /* HackGT2016 WatchKit Extension.appex */,
			);
			name = Products;
			sourceTree = "<group>";
		};
		C62BFE4D1D96368D004BB694 /* HackGT2016 */ = {
			isa = PBXGroup;
			children = (
				C62BFE4E1D96368D004BB694 /* AppDelegate.swift */,
				C62BFE501D96368D004BB694 /* ViewController.swift */,
				C62BFE521D96368D004BB694 /* Main.storyboard */,
				C62BFE551D96368D004BB694 /* Assets.xcassets */,
				C62BFE571D96368D004BB694 /* LaunchScreen.storyboard */,
				C62BFE5A1D96368D004BB694 /* Info.plist */,
			);
			path = HackGT2016;
			sourceTree = "<group>";
		};
		C62BFE611D96368D004BB694 /* HackGT2016 WatchKit App */ = {
			isa = PBXGroup;
			children = (
				C62BFE621D96368D004BB694 /* Interface.storyboard */,
				C62BFE651D96368D004BB694 /* Assets.xcassets */,
				C62BFE671D96368D004BB694 /* Info.plist */,
			);
			path = "HackGT2016 WatchKit App";
			sourceTree = "<group>";
		};
		C62BFE701D96368D004BB694 /* HackGT2016 WatchKit Extension */ = {
			isa = PBXGroup;
			children = (
				C62BFE711D96368D004BB694 /* InterfaceController.swift */,
				C62BFE731D96368D004BB694 /* ExtensionDelegate.swift */,
				C62BFE751D96368D004BB694 /* Assets.xcassets */,
				C62BFE771D96368D004BB694 /* Info.plist */,
			);
			path = "HackGT2016 WatchKit Extension";
			sourceTree = "<group>";
		};
/* End PBXGroup section */

/* Begin PBXNativeTarget section */
		C62BFE4A1D96368D004BB694 /* HackGT2016 */ = {
			isa = PBXNativeTarget;
			buildConfigurationList = C62BFE821D96368D004BB694 /* Build configuration list for PBXNativeTarget "HackGT2016" */;
			buildPhases = (
				C62BFE471D96368D004BB694 /* Sources */,
				C62BFE481D96368D004BB694 /* Frameworks */,
				C62BFE491D96368D004BB694 /* Resources */,
				C62BFE811D96368D004BB694 /* Embed Watch Content */,
			);
			buildRules = (
			);
			dependencies = (
				C62BFE601D96368D004BB694 /* PBXTargetDependency */,
			);
			name = HackGT2016;
			productName = HackGT2016;
			productReference = C62BFE4B1D96368D004BB694 /* HackGT2016.app */;
			productType = "com.apple.product-type.application";
		};
		C62BFE5C1D96368D004BB694 /* HackGT2016 WatchKit App */ = {
			isa = PBXNativeTarget;
			buildConfigurationList = C62BFE7E1D96368D004BB694 /* Build configuration list for PBXNativeTarget "HackGT2016 WatchKit App" */;
			buildPhases = (
				C62BFE5B1D96368D004BB694 /* Resources */,
				C62BFE7D1D96368D004BB694 /* Embed App Extensions */,
			);
			buildRules = (
			);
			dependencies = (
				C62BFE6F1D96368D004BB694 /* PBXTargetDependency */,
			);
			name = "HackGT2016 WatchKit App";
			productName = "HackGT2016 WatchKit App";
			productReference = C62BFE5D1D96368D004BB694 /* HackGT2016 WatchKit App.app */;
			productType = "com.apple.product-type.application.watchapp2";
		};
		C62BFE6B1D96368D004BB694 /* HackGT2016 WatchKit Extension */ = {
			isa = PBXNativeTarget;
			buildConfigurationList = C62BFE7A1D96368D004BB694 /* Build configuration list for PBXNativeTarget "HackGT2016 WatchKit Extension" */;
			buildPhases = (
				C62BFE681D96368D004BB694 /* Sources */,
				C62BFE691D96368D004BB694 /* Frameworks */,
				C62BFE6A1D96368D004BB694 /* Resources */,
			);
			buildRules = (
			);
			dependencies = (
			);
			name = "HackGT2016 WatchKit Extension";
			productName = "HackGT2016 WatchKit Extension";
			productReference = C62BFE6C1D96368D004BB694 /* HackGT2016 WatchKit Extension.appex */;
			productType = "com.apple.product-type.watchkit2-extension";
		};
/* End PBXNativeTarget section */

/* Begin PBXProject section */
		C62BFE431D96368D004BB694 /* Project object */ = {
			isa = PBXProject;
			attributes = {
				LastSwiftUpdateCheck = 0800;
				LastUpgradeCheck = 0800;
				TargetAttributes = {
					C62BFE4A1D96368D004BB694 = {
						CreatedOnToolsVersion = 8.0;
						ProvisioningStyle = Automatic;
					};
					C62BFE5C1D96368D004BB694 = {
						CreatedOnToolsVersion = 8.0;
						ProvisioningStyle = Automatic;
					};
					C62BFE6B1D96368D004BB694 = {
						CreatedOnToolsVersion = 8.0;
						ProvisioningStyle = Automatic;
					};
				};
			};
			buildConfigurationList = C62BFE461D96368D004BB694 /* Build configuration list for PBXProject "HackGT2016" */;
			compatibilityVersion = "Xcode 3.2";
			developmentRegion = English;
			hasScannedForEncodings = 0;
			knownRegions = (
				en,
				Base,
			);
			mainGroup = C62BFE421D96368D004BB694;
			productRefGroup = C62BFE4C1D96368D004BB694 /* Products */;
			projectDirPath = "";
			projectRoot = "";
			targets = (
				C62BFE4A1D96368D004BB694 /* HackGT2016 */,
				C62BFE5C1D96368D004BB694 /* HackGT2016 WatchKit App */,
				C62BFE6B1D96368D004BB694 /* HackGT2016 WatchKit Extension */,
			);
		};
/* End PBXProject section */

/* Begin PBXResourcesBuildPhase section */
		C62BFE491D96368D004BB694 /* Resources */ = {
			isa = PBXResourcesBuildPhase;
			buildActionMask = 2147483647;
			files = (
				C62BFE591D96368D004BB694 /* LaunchScreen.storyboard in Resources */,
				C62BFE561D96368D004BB694 /* Assets.xcassets in Resources */,
				C62BFE541D96368D004BB694 /* Main.storyboard in Resources */,
			);
			runOnlyForDeploymentPostprocessing = 0;
		};
		C62BFE5B1D96368D004BB694 /* Resources */ = {
			isa = PBXResourcesBuildPhase;
			buildActionMask = 2147483647;
			files = (
				C62BFE661D96368D004BB694 /* Assets.xcassets in Resources */,
				C62BFE641D96368D004BB694 /* Interface.storyboard in Resources */,
			);
			runOnlyForDeploymentPostprocessing = 0;
		};
		C62BFE6A1D96368D004BB694 /* Resources */ = {
			isa = PBXResourcesBuildPhase;
			buildActionMask = 2147483647;
			files = (
				C62BFE761D96368D004BB694 /* Assets.xcassets in Resources */,
			);
			runOnlyForDeploymentPostprocessing = 0;
		};
/* End PBXResourcesBuildPhase section */

/* Begin PBXSourcesBuildPhase section */
		C62BFE471D96368D004BB694 /* Sources */ = {
			isa = PBXSourcesBuildPhase;
			buildActionMask = 2147483647;
			files = (
				C62BFE511D96368D004BB694 /* ViewController.swift in Sources */,
				C62BFE4F1D96368D004BB694 /* AppDelegate.swift in Sources */,
			);
			runOnlyForDeploymentPostprocessing = 0;
		};
		C62BFE681D96368D004BB694 /* Sources */ = {
			isa = PBXSourcesBuildPhase;
			buildActionMask = 2147483647;
			files = (
				C62BFE741D96368D004BB694 /* ExtensionDelegate.swift in Sources */,
				C62BFE721D96368D004BB694 /* InterfaceController.swift in Sources */,
			);
			runOnlyForDeploymentPostprocessing = 0;
		};
/* End PBXSourcesBuildPhase section */

/* Begin PBXTargetDependency section */
		C62BFE601D96368D004BB694 /* PBXTargetDependency */ = {
			isa = PBXTargetDependency;
			target = C62BFE5C1D96368D004BB694 /* HackGT2016 WatchKit App */;
			targetProxy = C62BFE5F1D96368D004BB694 /* PBXContainerItemProxy */;
		};
		C62BFE6F1D96368D004BB694 /* PBXTargetDependency */ = {
			isa = PBXTargetDependency;
			target = C62BFE6B1D96368D004BB694 /* HackGT2016 WatchKit Extension */;
			targetProxy = C62BFE6E1D96368D004BB694 /* PBXContainerItemProxy */;
		};
/* End PBXTargetDependency section */

/* Begin PBXVariantGroup section */
		C62BFE521D96368D004BB694 /* Main.storyboard */ = {
			isa = PBXVariantGroup;
			children = (
				C62BFE531D96368D004BB694 /* Base */,
			);
			name = Main.storyboard;
			sourceTree = "<group>";
		};
		C62BFE571D96368D004BB694 /* LaunchScreen.storyboard */ = {
			isa = PBXVariantGroup;
			children = (
				C62BFE581D96368D004BB694 /* Base */,
			);
			name = LaunchScreen.storyboard;
			sourceTree = "<group>";
		};
		C62BFE621D96368D004BB694 /* Interface.storyboard */ = {
			isa = PBXVariantGroup;
			children = (
				C62BFE631D96368D004BB694 /* Base */,
			);
			name = Interface.storyboard;
			sourceTree = "<group>";
		};
/* End PBXVariantGroup section */

/* Begin XCBuildConfiguration section */
		C62BFE781D96368D004BB694 /* Debug */ = {
			isa = XCBuildConfiguration;
			buildSettings = {
				ALWAYS_SEARCH_USER_PATHS = NO;
				CLANG_ANALYZER_NONNULL = YES;
				CLANG_CXX_LANGUAGE_STANDARD = "gnu++0x";
				CLANG_CXX_LIBRARY = "libc++";
				CLANG_ENABLE_MODULES = YES;
				CLANG_ENABLE_OBJC_ARC = YES;
				CLANG_WARN_BOOL_CONVERSION = YES;
				CLANG_WARN_CONSTANT_CONVERSION = YES;
				CLANG_WARN_DIRECT_OBJC_ISA_USAGE = YES_ERROR;
				CLANG_WARN_DOCUMENTATION_COMMENTS = YES;
				CLANG_WARN_EMPTY_BODY = YES;
				CLANG_WARN_ENUM_CONVERSION = YES;
				CLANG_WARN_INFINITE_RECURSION = YES;
				CLANG_WARN_INT_CONVERSION = YES;
				CLANG_WARN_OBJC_ROOT_CLASS = YES_ERROR;
				CLANG_WARN_SUSPICIOUS_MOVES = YES;
				CLANG_WARN_UNREACHABLE_CODE = YES;
				CLANG_WARN__DUPLICATE_METHOD_MATCH = YES;
				"CODE_SIGN_IDENTITY[sdk=iphoneos*]" = "iPhone Developer";
				COPY_PHASE_STRIP = NO;
				DEBUG_INFORMATION_FORMAT = dwarf;
				ENABLE_STRICT_OBJC_MSGSEND = YES;
				ENABLE_TESTABILITY = YES;
				GCC_C_LANGUAGE_STANDARD = gnu99;
				GCC_DYNAMIC_NO_PIC = NO;
				GCC_NO_COMMON_BLOCKS = YES;
				GCC_OPTIMIZATION_LEVEL = 0;
				GCC_PREPROCESSOR_DEFINITIONS = (
					"DEBUG=1",
					"$(inherited)",
				);
				GCC_WARN_64_TO_32_BIT_CONVERSION = YES;
				GCC_WARN_ABOUT_RETURN_TYPE = YES_ERROR;
				GCC_WARN_UNDECLARED_SELECTOR = YES;
				GCC_WARN_UNINITIALIZED_AUTOS = YES_AGGRESSIVE;
				GCC_WARN_UNUSED_FUNCTION = YES;
				GCC_WARN_UNUSED_VARIABLE = YES;
				IPHONEOS_DEPLOYMENT_TARGET = 10.0;
				MTL_ENABLE_DEBUG_INFO = YES;
				ONLY_ACTIVE_ARCH = YES;
				SDKROOT = iphoneos;
				SWIFT_ACTIVE_COMPILATION_CONDITIONS = DEBUG;
				SWIFT_OPTIMIZATION_LEVEL = "-Onone";
			};
			name = Debug;
		};
		C62BFE791D96368D004BB694 /* Release */ = {
			isa = XCBuildConfiguration;
			buildSettings = {
				ALWAYS_SEARCH_USER_PATHS = NO;
				CLANG_ANALYZER_NONNULL = YES;
				CLANG_CXX_LANGUAGE_STANDARD = "gnu++0x";
				CLANG_CXX_LIBRARY = "libc++";
				CLANG_ENABLE_MODULES = YES;
				CLANG_ENABLE_OBJC_ARC = YES;
				CLANG_WARN_BOOL_CONVERSION = YES;
				CLANG_WARN_CONSTANT_CONVERSION = YES;
				CLANG_WARN_DIRECT_OBJC_ISA_USAGE = YES_ERROR;
				CLANG_WARN_DOCUMENTATION_COMMENTS = YES;
				CLANG_WARN_EMPTY_BODY = YES;
				CLANG_WARN_ENUM_CONVERSION = YES;
				CLANG_WARN_INFINITE_RECURSION = YES;
				CLANG_WARN_INT_CONVERSION = YES;
				CLANG_WARN_OBJC_ROOT_CLASS = YES_ERROR;
				CLANG_WARN_SUSPICIOUS_MOVES = YES;
				CLANG_WARN_UNREACHABLE_CODE = YES;
				CLANG_WARN__DUPLICATE_METHOD_MATCH = YES;
				"CODE_SIGN_IDENTITY[sdk=iphoneos*]" = "iPhone Developer";
				COPY_PHASE_STRIP = NO;
				DEBUG_INFORMATION_FORMAT = "dwarf-with-dsym";
				ENABLE_NS_ASSERTIONS = NO;
				ENABLE_STRICT_OBJC_MSGSEND = YES;
				GCC_C_LANGUAGE_STANDARD = gnu99;
				GCC_NO_COMMON_BLOCKS = YES;
				GCC_WARN_64_TO_32_BIT_CONVERSION = YES;
				GCC_WARN_ABOUT_RETURN_TYPE = YES_ERROR;
				GCC_WARN_UNDECLARED_SELECTOR = YES;
				GCC_WARN_UNINITIALIZED_AUTOS = YES_AGGRESSIVE;
				GCC_WARN_UNUSED_FUNCTION = YES;
				GCC_WARN_UNUSED_VARIABLE = YES;
				IPHONEOS_DEPLOYMENT_TARGET = 10.0;
				MTL_ENABLE_DEBUG_INFO = NO;
				SDKROOT = iphoneos;
				SWIFT_OPTIMIZATION_LEVEL = "-Owholemodule";
				VALIDATE_PRODUCT = YES;
			};
			name = Release;
		};
		C62BFE7B1D96368D004BB694 /* Debug */ = {
			isa = XCBuildConfiguration;
			buildSettings = {
				ASSETCATALOG_COMPILER_COMPLICATION_NAME = Complication;
				INFOPLIST_FILE = "HackGT2016 WatchKit Extension/Info.plist";
				LD_RUNPATH_SEARCH_PATHS = "$(inherited) @executable_path/Frameworks @executable_path/../../Frameworks";
				PRODUCT_BUNDLE_IDENTIFIER = com.gatornation.HackGT2016.watchkitapp.watchkitextension;
				PRODUCT_NAME = "${TARGET_NAME}";
				SDKROOT = watchos;
				SKIP_INSTALL = YES;
				SWIFT_VERSION = 3.0;
				TARGETED_DEVICE_FAMILY = 4;
				WATCHOS_DEPLOYMENT_TARGET = 3.0;
			};
			name = Debug;
		};
		C62BFE7C1D96368D004BB694 /* Release */ = {
			isa = XCBuildConfiguration;
			buildSettings = {
				ASSETCATALOG_COMPILER_COMPLICATION_NAME = Complication;
				INFOPLIST_FILE = "HackGT2016 WatchKit Extension/Info.plist";
				LD_RUNPATH_SEARCH_PATHS = "$(inherited) @executable_path/Frameworks @executable_path/../../Frameworks";
				PRODUCT_BUNDLE_IDENTIFIER = com.gatornation.HackGT2016.watchkitapp.watchkitextension;
				PRODUCT_NAME = "${TARGET_NAME}";
				SDKROOT = watchos;
				SKIP_INSTALL = YES;
				SWIFT_VERSION = 3.0;
				TARGETED_DEVICE_FAMILY = 4;
				WATCHOS_DEPLOYMENT_TARGET = 3.0;
			};
			name = Release;
		};
		C62BFE7F1D96368D004BB694 /* Debug */ = {
			isa = XCBuildConfiguration;
			buildSettings = {
				ALWAYS_EMBED_SWIFT_STANDARD_LIBRARIES = YES;
				ASSETCATALOG_COMPILER_APPICON_NAME = AppIcon;
				IBSC_MODULE = HackGT2016_WatchKit_Extension;
				INFOPLIST_FILE = "HackGT2016 WatchKit App/Info.plist";
				PRODUCT_BUNDLE_IDENTIFIER = com.gatornation.HackGT2016.watchkitapp;
				PRODUCT_NAME = "$(TARGET_NAME)";
				SDKROOT = watchos;
				SKIP_INSTALL = YES;
				SWIFT_VERSION = 3.0;
				TARGETED_DEVICE_FAMILY = 4;
				WATCHOS_DEPLOYMENT_TARGET = 3.0;
			};
			name = Debug;
		};
		C62BFE801D96368D004BB694 /* Release */ = {
			isa = XCBuildConfiguration;
			buildSettings = {
				ALWAYS_EMBED_SWIFT_STANDARD_LIBRARIES = YES;
				ASSETCATALOG_COMPILER_APPICON_NAME = AppIcon;
				IBSC_MODULE = HackGT2016_WatchKit_Extension;
				INFOPLIST_FILE = "HackGT2016 WatchKit App/Info.plist";
				PRODUCT_BUNDLE_IDENTIFIER = com.gatornation.HackGT2016.watchkitapp;
				PRODUCT_NAME = "$(TARGET_NAME)";
				SDKROOT = watchos;
				SKIP_INSTALL = YES;
				SWIFT_VERSION = 3.0;
				TARGETED_DEVICE_FAMILY = 4;
				WATCHOS_DEPLOYMENT_TARGET = 3.0;
			};
			name = Release;
		};
		C62BFE831D96368D004BB694 /* Debug */ = {
			isa = XCBuildConfiguration;
			buildSettings = {
				ASSETCATALOG_COMPILER_APPICON_NAME = AppIcon;
				INFOPLIST_FILE = HackGT2016/Info.plist;
				LD_RUNPATH_SEARCH_PATHS = "$(inherited) @executable_path/Frameworks";
				PRODUCT_BUNDLE_IDENTIFIER = com.gatornation.HackGT2016;
				PRODUCT_NAME = "$(TARGET_NAME)";
				SWIFT_VERSION = 3.0;
			};
			name = Debug;
		};
		C62BFE841D96368D004BB694 /* Release */ = {
			isa = XCBuildConfiguration;
			buildSettings = {
				ASSETCATALOG_COMPILER_APPICON_NAME = AppIcon;
				INFOPLIST_FILE = HackGT2016/Info.plist;
				LD_RUNPATH_SEARCH_PATHS = "$(inherited) @executable_path/Frameworks";
				PRODUCT_BUNDLE_IDENTIFIER = com.gatornation.HackGT2016;
				PRODUCT_NAME = "$(TARGET_NAME)";
				SWIFT_VERSION = 3.0;
			};
			name = Release;
		};
/* End XCBuildConfiguration section */

/* Begin XCConfigurationList section */
		C62BFE461D96368D004BB694 /* Build configuration list for PBXProject "HackGT2016" */ = {
			isa = XCConfigurationList;
			buildConfigurations = (
				C62BFE781D96368D004BB694 /* Debug */,
				C62BFE791D96368D004BB694 /* Release */,
			);
			defaultConfigurationIsVisible = 0;
			defaultConfigurationName = Release;
		};
		C62BFE7A1D96368D004BB694 /* Build configuration list for PBXNativeTarget "HackGT2016 WatchKit Extension" */ = {
			isa = XCConfigurationList;
			buildConfigurations = (
				C62BFE7B1D96368D004BB694 /* Debug */,
				C62BFE7C1D96368D004BB694 /* Release */,
			);
			defaultConfigurationIsVisible = 0;
		};
		C62BFE7E1D96368D004BB694 /* Build configuration list for PBXNativeTarget "HackGT2016 WatchKit App" */ = {
			isa = XCConfigurationList;
			buildConfigurations = (
				C62BFE7F1D96368D004BB694 /* Debug */,
				C62BFE801D96368D004BB694 /* Release */,
			);
			defaultConfigurationIsVisible = 0;
		};
		C62BFE821D96368D004BB694 /* Build configuration list for PBXNativeTarget "HackGT2016" */ = {
			isa = XCConfigurationList;
			buildConfigurations = (
				C62BFE831D96368D004BB694 /* Debug */,
				C62BFE841D96368D004BB694 /* Release */,
			);
			defaultConfigurationIsVisible = 0;
		};
/* End XCConfigurationList section */
	};
	rootObject = C62BFE431D96368D004BB694 /* Project object */;
}
